// !$*UTF8*$!
{
	archiveVersion = 1;
	classes = {
	};
	objectVersion = 50;
	objects = {

/* Begin PBXBuildFile section */
		62018F7626A05C5E00AFC44A /* AppDelegate.swift in Sources */ = {isa = PBXBuildFile; fileRef = 62018F7526A05C5E00AFC44A /* AppDelegate.swift */; };
		62018F7826A05C5E00AFC44A /* SceneDelegate.swift in Sources */ = {isa = PBXBuildFile; fileRef = 62018F7726A05C5E00AFC44A /* SceneDelegate.swift */; };
		62018F7A26A05C5E00AFC44A /* MainViewController.swift in Sources */ = {isa = PBXBuildFile; fileRef = 62018F7926A05C5E00AFC44A /* MainViewController.swift */; };
		62018F7F26A05C5E00AFC44A /* Assets.xcassets in Resources */ = {isa = PBXBuildFile; fileRef = 62018F7E26A05C5E00AFC44A /* Assets.xcassets */; };
		62018F8226A05C5E00AFC44A /* LaunchScreen.storyboard in Resources */ = {isa = PBXBuildFile; fileRef = 62018F8026A05C5E00AFC44A /* LaunchScreen.storyboard */; };
		621B83DA26A0B45F00253076 /* TimerCell.swift in Sources */ = {isa = PBXBuildFile; fileRef = 621B83D926A0B45F00253076 /* TimerCell.swift */; };
		621B83DE26A1433A00253076 /* CustomTimer.swift in Sources */ = {isa = PBXBuildFile; fileRef = 621B83DD26A1433A00253076 /* CustomTimer.swift */; };
/* End PBXBuildFile section */

/* Begin PBXFileReference section */
		62018F7226A05C5E00AFC44A /* SFERATestApp.app */ = {isa = PBXFileReference; explicitFileType = wrapper.application; includeInIndex = 0; path = SFERATestApp.app; sourceTree = BUILT_PRODUCTS_DIR; };
		62018F7526A05C5E00AFC44A /* AppDelegate.swift */ = {isa = PBXFileReference; lastKnownFileType = sourcecode.swift; path = AppDelegate.swift; sourceTree = "<group>"; };
		62018F7726A05C5E00AFC44A /* SceneDelegate.swift */ = {isa = PBXFileReference; lastKnownFileType = sourcecode.swift; path = SceneDelegate.swift; sourceTree = "<group>"; };
		62018F7926A05C5E00AFC44A /* MainViewController.swift */ = {isa = PBXFileReference; lastKnownFileType = sourcecode.swift; path = MainViewController.swift; sourceTree = "<group>"; };
		62018F7E26A05C5E00AFC44A /* Assets.xcassets */ = {isa = PBXFileReference; lastKnownFileType = folder.assetcatalog; path = Assets.xcassets; sourceTree = "<group>"; };
		62018F8126A05C5E00AFC44A /* Base */ = {isa = PBXFileReference; lastKnownFileType = file.storyboard; name = Base; path = Base.lproj/LaunchScreen.storyboard; sourceTree = "<group>"; };
		62018F8326A05C5E00AFC44A /* Info.plist */ = {isa = PBXFileReference; lastKnownFileType = text.plist.xml; path = Info.plist; sourceTree = "<group>"; };
		621B83D926A0B45F00253076 /* TimerCell.swift */ = {isa = PBXFileReference; lastKnownFileType = sourcecode.swift; path = TimerCell.swift; sourceTree = "<group>"; };
		621B83DD26A1433A00253076 /* CustomTimer.swift */ = {isa = PBXFileReference; lastKnownFileType = sourcecode.swift; path = CustomTimer.swift; sourceTree = "<group>"; };
/* End PBXFileReference section */

/* Begin PBXFrameworksBuildPhase section */
		62018F6F26A05C5E00AFC44A /* Frameworks */ = {
			isa = PBXFrameworksBuildPhase;
			buildActionMask = 2147483647;
			files = (
			);
			runOnlyForDeploymentPostprocessing = 0;
		};
/* End PBXFrameworksBuildPhase section */

/* Begin PBXGroup section */
		62018F6926A05C5E00AFC44A = {
			isa = PBXGroup;
			children = (
				62018F7426A05C5E00AFC44A /* SFERATestApp */,
				62018F7326A05C5E00AFC44A /* Products */,
			);
			sourceTree = "<group>";
		};
		62018F7326A05C5E00AFC44A /* Products */ = {
			isa = PBXGroup;
			children = (
				62018F7226A05C5E00AFC44A /* SFERATestApp.app */,
			);
			name = Products;
			sourceTree = "<group>";
		};
		62018F7426A05C5E00AFC44A /* SFERATestApp */ = {
			isa = PBXGroup;
			children = (
				62018F7526A05C5E00AFC44A /* AppDelegate.swift */,
				62018F7726A05C5E00AFC44A /* SceneDelegate.swift */,
				62018F7926A05C5E00AFC44A /* MainViewController.swift */,
				621B83DD26A1433A00253076 /* CustomTimer.swift */,
				621B83D926A0B45F00253076 /* TimerCell.swift */,
				62018F7E26A05C5E00AFC44A /* Assets.xcassets */,
				62018F8026A05C5E00AFC44A /* LaunchScreen.storyboard */,
				62018F8326A05C5E00AFC44A /* Info.plist */,
			);
			path = SFERATestApp;
			sourceTree = "<group>";
		};
/* End PBXGroup section */

/* Begin PBXNativeTarget section */
		62018F7126A05C5E00AFC44A /* SFERATestApp */ = {
			isa = PBXNativeTarget;
			buildConfigurationList = 62018F8626A05C5E00AFC44A /* Build configuration list for PBXNativeTarget "SFERATestApp" */;
			buildPhases = (
				62018F6E26A05C5E00AFC44A /* Sources */,
				62018F6F26A05C5E00AFC44A /* Frameworks */,
				62018F7026A05C5E00AFC44A /* Resources */,
			);
			buildRules = (
			);
			dependencies = (
			);
			name = SFERATestApp;
			productName = SFERATestApp;
			productReference = 62018F7226A05C5E00AFC44A /* SFERATestApp.app */;
			productType = "com.apple.product-type.application";
		};
/* End PBXNativeTarget section */

/* Begin PBXProject section */
		62018F6A26A05C5E00AFC44A /* Project object */ = {
			isa = PBXProject;
			attributes = {
				LastSwiftUpdateCheck = 1250;
				LastUpgradeCheck = 1250;
				TargetAttributes = {
					62018F7126A05C5E00AFC44A = {
						CreatedOnToolsVersion = 12.5.1;
					};
				};
			};
			buildConfigurationList = 62018F6D26A05C5E00AFC44A /* Build configuration list for PBXProject "SFERATestApp" */;
			compatibilityVersion = "Xcode 9.3";
			developmentRegion = en;
			hasScannedForEncodings = 0;
			knownRegions = (
				en,
				Base,
			);
			mainGroup = 62018F6926A05C5E00AFC44A;
			productRefGroup = 62018F7326A05C5E00AFC44A /* Products */;
			projectDirPath = "";
			projectRoot = "";
			targets = (
				62018F7126A05C5E00AFC44A /* SFERATestApp */,
			);
		};
/* End PBXProject section */

/* Begin PBXResourcesBuildPhase section */
		62018F7026A05C5E00AFC44A /* Resources */ = {
			isa = PBXResourcesBuildPhase;
			buildActionMask = 2147483647;
			files = (
				62018F8226A05C5E00AFC44A /* LaunchScreen.storyboard in Resources */,
				62018F7F26A05C5E00AFC44A /* Assets.xcassets in Resources */,
			);
			runOnlyForDeploymentPostprocessing = 0;
		};
/* End PBXResourcesBuildPhase section */

/* Begin PBXSourcesBuildPhase section */
		62018F6E26A05C5E00AFC44A /* Sources */ = {
			isa = PBXSourcesBuildPhase;
			buildActionMask = 2147483647;
			files = (
				62018F7A26A05C5E00AFC44A /* MainViewController.swift in Sources */,
				621B83DE26A1433A00253076 /* CustomTimer.swift in Sources */,
				62018F7626A05C5E00AFC44A /* AppDelegate.swift in Sources */,
				62018F7826A05C5E00AFC44A /* SceneDelegate.swift in Sources */,
				621B83DA26A0B45F00253076 /* TimerCell.swift in Sources */,
			);
			runOnlyForDeploymentPostprocessing = 0;
		};
/* End PBXSourcesBuildPhase section */

/* Begin PBXVariantGroup section */
		62018F8026A05C5E00AFC44A /* LaunchScreen.storyboard */ = {
			isa = PBXVariantGroup;
			children = (
				62018F8126A05C5E00AFC44A /* Base */,
			);
			name = LaunchScreen.storyboard;
			sourceTree = "<group>";
		};
/* End PBXVariantGroup section */

/* Begin XCBuildConfiguration section */
		62018F8426A05C5E00AFC44A /* Debug */ = {
			isa = XCBuildConfiguration;
			buildSettings = {
				ALWAYS_SEARCH_USER_PATHS = NO;
				CLANG_ANALYZER_NONNULL = YES;
				CLANG_ANALYZER_NUMBER_OBJECT_CONVERSION = YES_AGGRESSIVE;
				CLANG_CXX_LANGUAGE_STANDARD = "gnu++14";
				CLANG_CXX_LIBRARY = "libc++";
				CLANG_ENABLE_MODULES = YES;
				CLANG_ENABLE_OBJC_ARC = YES;
				CLANG_ENABLE_OBJC_WEAK = YES;
				CLANG_WARN_BLOCK_CAPTURE_AUTORELEASING = YES;
				CLANG_WARN_BOOL_CONVERSION = YES;
				CLANG_WARN_COMMA = YES;
				CLANG_WARN_CONSTANT_CONVERSION = YES;
				CLANG_WARN_DEPRECATED_OBJC_IMPLEMENTATIONS = YES;
				CLANG_WARN_DIRECT_OBJC_ISA_USAGE = YES_ERROR;
				CLANG_WARN_DOCUMENTATION_COMMENTS = YES;
				CLANG_WARN_EMPTY_BODY = YES;
				CLANG_WARN_ENUM_CONVERSION = YES;
				CLANG_WARN_INFINITE_RECURSION = YES;
				CLANG_WARN_INT_CONVERSION = YES;
				CLANG_WARN_NON_LITERAL_NULL_CONVERSION = YES;
				CLANG_WARN_OBJC_IMPLICIT_RETAIN_SELF = YES;
				CLANG_WARN_OBJC_LITERAL_CONVERSION = YES;
				CLANG_WARN_OBJC_ROOT_CLASS = YES_ERROR;
				CLANG_WARN_QUOTED_INCLUDE_IN_FRAMEWORK_HEADER = YES;
				CLANG_WARN_RANGE_LOOP_ANALYSIS = YES;
				CLANG_WARN_STRICT_PROTOTYPES = YES;
				CLANG_WARN_SUSPICIOUS_MOVE = YES;
				CLANG_WARN_UNGUARDED_AVAILABILITY = YES_AGGRESSIVE;
				CLANG_WARN_UNREACHABLE_CODE = YES;
				CLANG_WARN__DUPLICATE_METHOD_MATCH = YES;
				COPY_PHASE_STRIP = NO;
				DEBUG_INFORMATION_FORMAT = dwarf;
				ENABLE_STRICT_OBJC_MSGSEND = YES;
				ENABLE_TESTABILITY = YES;
				GCC_C_LANGUAGE_STANDARD = gnu11;
				GCC_DYNAMIC_NO_PIC = NO;
				GCC_NO_COMMON_BLOCKS = YES;
				GCC_OPTIMIZATION_LEVEL = 0;
				GCC_PREPROCESSOR_DEFINITIONS = (
					"DEBUG=1",
					"$(inherited)",
				);
				GCC_WARN_64_TO_32_BIT_CONVERSION = YES;
				GCC_WARN_ABOUT_RETURN_TYPE = YES_ERROR;
				GCC_WARN_UNDECLARED_SELECTOR = YES;
				GCC_WARN_UNINITIALIZED_AUTOS = YES_AGGRESSIVE;
				GCC_WARN_UNUSED_FUNCTION = YES;
				GCC_WARN_UNUSED_VARIABLE = YES;
				IPHONEOS_DEPLOYMENT_TARGET = 14.5;
				MTL_ENABLE_DEBUG_INFO = INCLUDE_SOURCE;
				MTL_FAST_MATH = YES;
				ONLY_ACTIVE_ARCH = YES;
				SDKROOT = iphoneos;
				SWIFT_ACTIVE_COMPILATION_CONDITIONS = DEBUG;
				SWIFT_OPTIMIZATION_LEVEL = "-Onone";
			};
			name = Debug;
		};
		62018F8526A05C5E00AFC44A /* Release */ = {
			isa = XCBuildConfiguration;
			buildSettings = {
				ALWAYS_SEARCH_USER_PATHS = NO;
				CLANG_ANALYZER_NONNULL = YES;
				CLANG_ANALYZER_NUMBER_OBJECT_CONVERSION = YES_AGGRESSIVE;
				CLANG_CXX_LANGUAGE_STANDARD = "gnu++14";
				CLANG_CXX_LIBRARY = "libc++";
				CLANG_ENABLE_MODULES = YES;
				CLANG_ENABLE_OBJC_ARC = YES;
				CLANG_ENABLE_OBJC_WEAK = YES;
				CLANG_WARN_BLOCK_CAPTURE_AUTORELEASING = YES;
				CLANG_WARN_BOOL_CONVERSION = YES;
				CLANG_WARN_COMMA = YES;
				CLANG_WARN_CONSTANT_CONVERSION = YES;
				CLANG_WARN_DEPRECATED_OBJC_IMPLEMENTATIONS = YES;
				CLANG_WARN_DIRECT_OBJC_ISA_USAGE = YES_ERROR;
				CLANG_WARN_DOCUMENTATION_COMMENTS = YES;
				CLANG_WARN_EMPTY_BODY = YES;
				CLANG_WARN_ENUM_CONVERSION = YES;
				CLANG_WARN_INFINITE_RECURSION = YES;
				CLANG_WARN_INT_CONVERSION = YES;
				CLANG_WARN_NON_LITERAL_NULL_CONVERSION = YES;
				CLANG_WARN_OBJC_IMPLICIT_RETAIN_SELF = YES;
				CLANG_WARN_OBJC_LITERAL_CONVERSION = YES;
				CLANG_WARN_OBJC_ROOT_CLASS = YES_ERROR;
				CLANG_WARN_QUOTED_INCLUDE_IN_FRAMEWORK_HEADER = YES;
				CLANG_WARN_RANGE_LOOP_ANALYSIS = YES;
				CLANG_WARN_STRICT_PROTOTYPES = YES;
				CLANG_WARN_SUSPICIOUS_MOVE = YES;
				CLANG_WARN_UNGUARDED_AVAILABILITY = YES_AGGRESSIVE;
				CLANG_WARN_UNREACHABLE_CODE = YES;
				CLANG_WARN__DUPLICATE_METHOD_MATCH = YES;
				COPY_PHASE_STRIP = NO;
				DEBUG_INFORMATION_FORMAT = "dwarf-with-dsym";
				ENABLE_NS_ASSERTIONS = NO;
				ENABLE_STRICT_OBJC_MSGSEND = YES;
				GCC_C_LANGUAGE_STANDARD = gnu11;
				GCC_NO_COMMON_BLOCKS = YES;
				GCC_WARN_64_TO_32_BIT_CONVERSION = YES;
				GCC_WARN_ABOUT_RETURN_TYPE = YES_ERROR;
				GCC_WARN_UNDECLARED_SELECTOR = YES;
				GCC_WARN_UNINITIALIZED_AUTOS = YES_AGGRESSIVE;
				GCC_WARN_UNUSED_FUNCTION = YES;
				GCC_WARN_UNUSED_VARIABLE = YES;
				IPHONEOS_DEPLOYMENT_TARGET = 14.5;
				MTL_ENABLE_DEBUG_INFO = NO;
				MTL_FAST_MATH = YES;
				SDKROOT = iphoneos;
				SWIFT_COMPILATION_MODE = wholemodule;
				SWIFT_OPTIMIZATION_LEVEL = "-O";
				VALIDATE_PRODUCT = YES;
			};
			name = Release;
		};
		62018F8726A05C5E00AFC44A /* Debug */ = {
			isa = XCBuildConfiguration;
			buildSettings = {
				ASSETCATALOG_COMPILER_APPICON_NAME = AppIcon;
				ASSETCATALOG_COMPILER_GLOBAL_ACCENT_COLOR_NAME = AccentColor;
				CODE_SIGN_STYLE = Automatic;
				DEVELOPMENT_TEAM = QDWFF22BSG;
				INFOPLIST_FILE = SFERATestApp/Info.plist;
				LD_RUNPATH_SEARCH_PATHS = (
					"$(inherited)",
					"@executable_path/Frameworks",
				);
				PRODUCT_BUNDLE_IDENTIFIER = TestCompany.SFERATestApp;
				PRODUCT_NAME = "$(TARGET_NAME)";
				SWIFT_VERSION = 5.0;
				TARGETED_DEVICE_FAMILY = "1,2";
			};
			name = Debug;
		};
		62018F8826A05C5E00AFC44A /* Release */ = {
			isa = XCBuildConfiguration;
			buildSettings = {
				ASSETCATALOG_COMPILER_APPICON_NAME = AppIcon;
				ASSETCATALOG_COMPILER_GLOBAL_ACCENT_COLOR_NAME = AccentColor;
				CODE_SIGN_STYLE = Automatic;
				DEVELOPMENT_TEAM = QDWFF22BSG;
				INFOPLIST_FILE = SFERATestApp/Info.plist;
				LD_RUNPATH_SEARCH_PATHS = (
					"$(inherited)",
					"@executable_path/Frameworks",
				);
				PRODUCT_BUNDLE_IDENTIFIER = TestCompany.SFERATestApp;
				PRODUCT_NAME = "$(TARGET_NAME)";
				SWIFT_VERSION = 5.0;
				TARGETED_DEVICE_FAMILY = "1,2";
			};
			name = Release;
		};
/* End XCBuildConfiguration section */

/* Begin XCConfigurationList section */
		62018F6D26A05C5E00AFC44A /* Build configuration list for PBXProject "SFERATestApp" */ = {
			isa = XCConfigurationList;
			buildConfigurations = (
				62018F8426A05C5E00AFC44A /* Debug */,
				62018F8526A05C5E00AFC44A /* Release */,
			);
			defaultConfigurationIsVisible = 0;
			defaultConfigurationName = Release;
		};
		62018F8626A05C5E00AFC44A /* Build configuration list for PBXNativeTarget "SFERATestApp" */ = {
			isa = XCConfigurationList;
			buildConfigurations = (
				62018F8726A05C5E00AFC44A /* Debug */,
				62018F8826A05C5E00AFC44A /* Release */,
			);
			defaultConfigurationIsVisible = 0;
			defaultConfigurationName = Release;
		};
/* End XCConfigurationList section */
	};
	rootObject = 62018F6A26A05C5E00AFC44A /* Project object */;
}
